
Microsoft Visual Studio Solution File, Format Version 12.00
# Visual Studio Version 16
VisualStudioVersion = 16.0.28803.202
MinimumVisualStudioVersion = 10.0.40219.1
Project("{FAE04EC0-301F-11D3-BF4B-00C04F79EFBC}") = "HtmlOrnek", "HtmlOrnek\HtmlOrnek.csproj", "{565AE3C5-7DF8-468C-AD21-44580C1C998C}"
EndProject
Global
	GlobalSection(SolutionConfigurationPlatforms) = preSolution
		Debug|Any CPU = Debug|Any CPU
		Release|Any CPU = Release|Any CPU
	EndGlobalSection
	GlobalSection(ProjectConfigurationPlatforms) = postSolution
		{565AE3C5-7DF8-468C-AD21-44580C1C998C}.Debug|Any CPU.ActiveCfg = Debug|Any CPU
		{565AE3C5-7DF8-468C-AD21-44580C1C998C}.Debug|Any CPU.Build.0 = Debug|Any CPU
		{565AE3C5-7DF8-468C-AD21-44580C1C998C}.Release|Any CPU.ActiveCfg = Release|Any CPU
		{565AE3C5-7DF8-468C-AD21-44580C1C998C}.Release|Any CPU.Build.0 = Release|Any CPU
	EndGlobalSection
	GlobalSection(SolutionProperties) = preSolution
		HideSolutionNode = FALSE
	EndGlobalSection
	GlobalSection(ExtensibilityGlobals) = postSolution
		SolutionGuid = {4BBAB35E-A1F4-4F01-AD12-256E21F4BE4A}
	EndGlobalSection
EndGlobal
